lockfileVersion: '6.0'

settings:
  autoInstallPeers: true
  excludeLinksFromLockfile: false

dependencies:
  '@azure/functions':
    specifier: ^4.0.1
    version: 4.0.1

packages:

  /@azure/functions@4.0.1:
    resolution: {integrity: sha512-Ol38b4XOlu6IDkLnO91HaYeo2utMixG0LIA1NR9Qehu17U/cGjNx+bAcOEdNlSJWNYh5ChhzjxA/uFB5dQJtmg==}
    engines: {node: '>=18.0'}
    dependencies:
      long: 4.0.0
      undici: 5.27.2
    dev: false

  /@fastify/busboy@2.1.0:
    resolution: {integrity: sha512-+KpH+QxZU7O4675t3mnkQKcZZg56u+K/Ct2K+N2AZYNVK8kyeo/bI18tI8aPm3tvNNRyTWfj6s5tnGNlcbQRsA==}
    engines: {node: '>=14'}
    dev: false

  /long@4.0.0:
    resolution: {integrity: sha512-XsP+KhQif4bjX1kbuSiySJFNAehNxgLb6hPRGJ9QsUr8ajHkuXGdrHmFUTUUXhDwVX2R5bY4JNZEwbUiMhV+MA==}
    dev: false

  /undici@5.27.2:
    resolution: {integrity: sha512-iS857PdOEy/y3wlM3yRp+6SNQQ6xU0mmZcwRSriqk+et/cwWAtwmIGf6WkoDN2EK/AMdCO/dfXzIwi+rFMrjjQ==}
    engines: {node: '>=14.0'}
    dependencies:
      '@fastify/busboy': 2.1.0
    dev: false
